
Microsoft Visual Studio Solution File, Format Version 12.00
# Visual Studio Version 16
VisualStudioVersion = 16.0.31105.61
MinimumVisualStudioVersion = 10.0.40219.1
Project("{FAE04EC0-301F-11D3-BF4B-00C04F79EFBC}") = "EFM_TDI203A_Mazzouz", "EFM_TDI203A_Mazzouz\EFM_TDI203A_Mazzouz.csproj", "{8A5837A7-B38F-46C4-8DEC-7E5C3838E4C9}"
EndProject
Global
	GlobalSection(SolutionConfigurationPlatforms) = preSolution
		Debug|Any CPU = Debug|Any CPU
		Release|Any CPU = Release|Any CPU
	EndGlobalSection
	GlobalSection(ProjectConfigurationPlatforms) = postSolution
		{8A5837A7-B38F-46C4-8DEC-7E5C3838E4C9}.Debug|Any CPU.ActiveCfg = Debug|Any CPU
		{8A5837A7-B38F-46C4-8DEC-7E5C3838E4C9}.Debug|Any CPU.Build.0 = Debug|Any CPU
		{8A5837A7-B38F-46C4-8DEC-7E5C3838E4C9}.Release|Any CPU.ActiveCfg = Release|Any CPU
		{8A5837A7-B38F-46C4-8DEC-7E5C3838E4C9}.Release|Any CPU.Build.0 = Release|Any CPU
	EndGlobalSection
	GlobalSection(SolutionProperties) = preSolution
		HideSolutionNode = FALSE
	EndGlobalSection
	GlobalSection(ExtensibilityGlobals) = postSolution
		SolutionGuid = {FF152E03-CC98-4BD6-8523-C97D598E46E9}
	EndGlobalSection
EndGlobal
